
Microsoft Visual Studio Solution File, Format Version 12.00
# Visual Studio Version 17
VisualStudioVersion = 17.1.32228.430
MinimumVisualStudioVersion = 10.0.40219.1
Project("{FAE04EC0-301F-11D3-BF4B-00C04F79EFBC}") = "umbraco1", "umbraco1.csproj", "{79D05184-941A-4688-ADD1-8932EE35BD05}"
EndProject
Global
	GlobalSection(SolutionConfigurationPlatforms) = preSolution
		Debug|Any CPU = Debug|Any CPU
		Release|Any CPU = Release|Any CPU
	EndGlobalSection
	GlobalSection(ProjectConfigurationPlatforms) = postSolution
		{79D05184-941A-4688-ADD1-8932EE35BD05}.Debug|Any CPU.ActiveCfg = Debug|Any CPU
		{79D05184-941A-4688-ADD1-8932EE35BD05}.Debug|Any CPU.Build.0 = Debug|Any CPU
		{79D05184-941A-4688-ADD1-8932EE35BD05}.Release|Any CPU.ActiveCfg = Release|Any CPU
		{79D05184-941A-4688-ADD1-8932EE35BD05}.Release|Any CPU.Build.0 = Release|Any CPU
	EndGlobalSection
	GlobalSection(SolutionProperties) = preSolution
		HideSolutionNode = FALSE
	EndGlobalSection
	GlobalSection(ExtensibilityGlobals) = postSolution
		SolutionGuid = {23B92953-FFF2-4AE9-8CB1-D0ED28E0B007}
	EndGlobalSection
EndGlobal
